<Solution>
  <Folder Name="/src/">
    <Project Path="src/ExpenseTracker.AppHost/ExpenseTracker.AppHost.csproj" />
    <Project Path="src/ExpenseTracker.ServiceDefaults/ExpenseTracker.ServiceDefaults.csproj" />
    <Project Path="src/ExpenseTracker.WebAPI/ExpenseTracker.WebAPI.csproj" />
  </Folder>
  <Folder Name="/src/ExpenseModule/">
    <Project Path="src/ExpenseModule/ExpenseTracker.Expenses/ExpenseTracker.Expenses.csproj" />
  </Folder>
</Solution>
